{
  "name": "researchgroupplanner-assets",
  "version": "1.0.0",
  "lockfileVersion": 3,
  "requires": true,
  "packages": {
    "": {
      "name": "researchgroupplanner-assets",
      "version": "1.0.0",
      "dependencies": {
        "bootstrap": "5.3.3",
        "chart.js": "4.4.4",
        "vis-timeline": "7.7.3"
      }
    },
    "node_modules/@egjs/hammerjs": {
      "version": "2.0.17",
      "resolved": "https://registry.npmjs.org/@egjs/hammerjs/-/hammerjs-2.0.17.tgz",
      "integrity": "sha512-XQsZgjm2EcVUiZQf11UBJQfmZeEmOW8DpI1gsFeln6w0ae0ii4dMQEQ0kjl6DspdWX1aGY1/loyXnP0JS06e/A==",
      "license": "MIT",
      "peer": true,
      "dependencies": {
        "@types/hammerjs": "^2.0.36"
      },
      "engines": {
        "node": ">=0.8.0"
      }
    },
    "node_modules/@kurkle/color": {
      "version": "0.3.4",
      "resolved": "https://registry.npmjs.org/@kurkle/color/-/color-0.3.4.tgz",
      "integrity": "sha512-M5UknZPHRu3DEDWoipU6sE8PdkZ6Z/S+v4dD+Ke8IaNlpdSQah50lz1KtcFBa2vsdOnwbbnxJwVM4wty6udA5w==",
      "license": "MIT"
    },
    "node_modules/@popperjs/core": {
      "version": "2.11.8",
      "resolved": "https://registry.npmjs.org/@popperjs/core/-/core-2.11.8.tgz",
      "integrity": "sha512-P1st0aksCrn9sGZhp8GMYwBnQsbvAWsZAX44oXNNvLHGqAOcoVxmjZiohstwQ7SqKnbR47akdNi+uleWD8+g6A==",
      "license": "MIT",
      "peer": true,
      "funding": {
        "type": "opencollective",
        "url": "https://opencollective.com/popperjs"
      }
    },
    "node_modules/@types/hammerjs": {
      "version": "2.0.46",
      "resolved": "https://registry.npmjs.org/@types/hammerjs/-/hammerjs-2.0.46.tgz",
      "integrity": "sha512-ynRvcq6wvqexJ9brDMS4BnBLzmr0e14d6ZJTEShTBWKymQiHwlAyGu0ZPEFI2Fh1U53F7tN9ufClWM5KvqkKOw==",
      "license": "MIT",
      "peer": true
    },
    "node_modules/bootstrap": {
      "version": "5.3.3",
      "resolved": "https://registry.npmjs.org/bootstrap/-/bootstrap-5.3.3.tgz",
      "integrity": "sha512-8HLCdWgyoMguSO9o+aH+iuZ+aht+mzW0u3HIMzVu7Srrpv7EBBxTnrFlSCskwdY1+EOFQSm7uMJhNQHkdPcmjg==",
      "funding": [
        {
          "type": "github",
          "url": "https://github.com/sponsors/twbs"
        },
        {
          "type": "opencollective",
          "url": "https://opencollective.com/bootstrap"
        }
      ],
      "license": "MIT",
      "peerDependencies": {
        "@popperjs/core": "^2.11.8"
      }
    },
    "node_modules/chart.js": {
      "version": "4.4.4",
      "resolved": "https://registry.npmjs.org/chart.js/-/chart.js-4.4.4.tgz",
      "integrity": "sha512-emICKGBABnxhMjUjlYRR12PmOXhJ2eJjEHL2/dZlWjxRAZT1D8xplLFq5M0tMQK8ja+wBS/tuVEJB5C6r7VxJA==",
      "license": "MIT",
      "dependencies": {
        "@kurkle/color": "^0.3.0"
      },
      "engines": {
        "pnpm": ">=8"
      }
    },
    "node_modules/commander": {
      "version": "2.20.3",
      "resolved": "https://registry.npmjs.org/commander/-/commander-2.20.3.tgz",
      "integrity": "sha512-GpVkmM8vF2vQUkj2LvZmD35JxeJOLCwJ9cUkugyk2nuhbv3+mJvpLYYt+0+USMxE+oj+ey/lJEnhZw75x/OMcQ==",
      "license": "MIT",
      "peer": true
    },
    "node_modules/component-emitter": {
      "version": "1.3.1",
      "resolved": "https://registry.npmjs.org/component-emitter/-/component-emitter-1.3.1.tgz",
      "integrity": "sha512-T0+barUSQRTUQASh8bx02dl+DhF54GtIDY13Y3m9oWTklKbb3Wv974meRpeZ3lp1JpLVECWWNHC4vaG2XHXouQ==",
      "license": "MIT",
      "peer": true,
      "funding": {
        "url": "https://github.com/sponsors/sindresorhus"
      }
    },
    "node_modules/cssfilter": {
      "version": "0.0.10",
      "resolved": "https://registry.npmjs.org/cssfilter/-/cssfilter-0.0.10.tgz",
      "integrity": "sha512-FAaLDaplstoRsDR8XGYH51znUN0UY7nMc6Z9/fvE8EXGwvJE9hu7W2vHwx1+bd6gCYnln9nLbzxFTrcO9YQDZw==",
      "license": "MIT",
      "peer": true
    },
    "node_modules/keycharm": {
      "version": "0.4.0",
      "resolved": "https://registry.npmjs.org/keycharm/-/keycharm-0.4.0.tgz",
      "integrity": "sha512-TyQTtsabOVv3MeOpR92sIKk/br9wxS+zGj4BG7CR8YbK4jM3tyIBaF0zhzeBUMx36/Q/iQLOKKOT+3jOQtemRQ==",
      "license": "(Apache-2.0 OR MIT)",
      "peer": true
    },
    "node_modules/moment": {
      "version": "2.30.1",
      "resolved": "https://registry.npmjs.org/moment/-/moment-2.30.1.tgz",
      "integrity": "sha512-uEmtNhbDOrWPFS+hdjFCBfy9f2YoyzRpwcl+DqpC6taX21FzsTLQVbMV/W7PzNSX6x/bhC1zA3c2UQ5NzH6how==",
      "license": "MIT",
      "peer": true,
      "engines": {
        "node": "*"
      }
    },
    "node_modules/propagating-hammerjs": {
      "version": "2.0.1",
      "resolved": "https://registry.npmjs.org/propagating-hammerjs/-/propagating-hammerjs-2.0.1.tgz",
      "integrity": "sha512-PH3zG5whbSxMocphXJzVtvKr+vWAgfkqVvtuwjSJ/apmEACUoiw6auBAT5HYXpZOR0eGcTAfYG5Yl8h91O5Elg==",
      "license": "MIT",
      "peer": true,
      "peerDependencies": {
        "@egjs/hammerjs": "^2.0.17"
      }
    },
    "node_modules/uuid": {
      "version": "9.0.1",
      "resolved": "https://registry.npmjs.org/uuid/-/uuid-9.0.1.tgz",
      "integrity": "sha512-b+1eJOlsR9K8HJpow9Ok3fiWOWSIcIzXodvv0rQjVoOVNpWMpxf1wZNpt4y9h10odCNrqnYp1OBzRktckBe3sA==",
      "deprecated": "uuid@10 and below is no longer supported.  For ESM codebases, update to uuid@latest.  For CommonJS codebases, use uuid@11 (but be aware this version will likely be deprecated in 2028).",
      "funding": [
        "https://github.com/sponsors/broofa",
        "https://github.com/sponsors/ctavan"
      ],
      "license": "MIT",
      "peer": true,
      "bin": {
        "uuid": "dist/bin/uuid"
      }
    },
    "node_modules/vis-data": {
      "version": "7.1.10",
      "resolved": "https://registry.npmjs.org/vis-data/-/vis-data-7.1.10.tgz",
      "integrity": "sha512-23juM9tdCaHTX5vyIQ7XBzsfZU0Hny+gSTwniLrfFcmw9DOm7pi3+h9iEBsoZMp5rX6KNqWwc1MF0fkAmWVuoQ==",
      "license": "(Apache-2.0 OR MIT)",
      "peer": true,
      "funding": {
        "type": "opencollective",
        "url": "https://opencollective.com/visjs"
      },
      "peerDependencies": {
        "uuid": "^3.4.0 || ^7.0.0 || ^8.0.0 || ^9.0.0 || ^10.0.0 || ^11.0.0",
        "vis-util": "^5.0.1"
      }
    },
    "node_modules/vis-timeline": {
      "version": "7.7.3",
      "resolved": "https://registry.npmjs.org/vis-timeline/-/vis-timeline-7.7.3.tgz",
      "integrity": "sha512-hGMzTttdOFWaw1PPlJuCXU2/4UjnsIxT684Thg9fV6YU1JuKZJs3s3BrJgZ4hO3gu5i1hsMe1YIi96o+eNT0jg==",
      "license": "(Apache-2.0 OR MIT)",
      "funding": {
        "type": "opencollective",
        "url": "https://opencollective.com/visjs"
      },
      "peerDependencies": {
        "@egjs/hammerjs": "^2.0.0",
        "component-emitter": "^1.3.0",
        "keycharm": "^0.2.0 || ^0.3.0 || ^0.4.0",
        "moment": "^2.24.0",
        "propagating-hammerjs": "^1.4.0 || ^2.0.0",
        "uuid": "^3.4.0 || ^7.0.0 || ^8.0.0 || ^9.0.0",
        "vis-data": "^6.3.0 || ^7.0.0",
        "vis-util": "^5.0.1",
        "xss": "^1.0.0"
      }
    },
    "node_modules/vis-util": {
      "version": "5.0.7",
      "resolved": "https://registry.npmjs.org/vis-util/-/vis-util-5.0.7.tgz",
      "integrity": "sha512-E3L03G3+trvc/X4LXvBfih3YIHcKS2WrP0XTdZefr6W6Qi/2nNCqZfe4JFfJU6DcQLm6Gxqj2Pfl+02859oL5A==",
      "license": "(Apache-2.0 OR MIT)",
      "peer": true,
      "engines": {
        "node": ">=8"
      },
      "funding": {
        "type": "opencollective",
        "url": "https://opencollective.com/visjs"
      },
      "peerDependencies": {
        "@egjs/hammerjs": "^2.0.0",
        "component-emitter": "^1.3.0 || ^2.0.0"
      }
    },
    "node_modules/xss": {
      "version": "1.0.15",
      "resolved": "https://registry.npmjs.org/xss/-/xss-1.0.15.tgz",
      "integrity": "sha512-FVdlVVC67WOIPvfOwhoMETV72f6GbW7aOabBC3WxN/oUdoEMDyLz4OgRv5/gck2ZeNqEQu+Tb0kloovXOfpYVg==",
      "license": "MIT",
      "peer": true,
      "dependencies": {
        "commander": "^2.20.3",
        "cssfilter": "0.0.10"
      },
      "bin": {
        "xss": "bin/xss"
      },
      "engines": {
        "node": ">= 0.10.0"
      }
    }
  }
}
